
Microsoft Visual Studio Solution File, Format Version 12.00
# Visual Studio Version 17
VisualStudioVersion = 17.2.32616.157
MinimumVisualStudioVersion = 10.0.40219.1
Project("{9A19103F-16F7-4668-BE54-9A1E7A4F7556}") = "Mmu.Mlh.ApplicationExtensions", "Sources\Application\Mmu.Mlh.ApplicationExtensions.csproj", "{E909E1B3-2480-42B3-924F-98874F3B238F}"
EndProject
Project("{9A19103F-16F7-4668-BE54-9A1E7A4F7556}") = "Mmu.Mlh.ApplicationExtensions.UnitTests", "Sources\UnitTests\Mmu.Mlh.ApplicationExtensions.UnitTests.csproj", "{5D65DB7C-CF94-4D5F-977C-41EDA015D793}"
EndProject
Project("{2150E333-8FDC-42A3-9474-1A3956D46DE8}") = "Configurations", "Configurations", "{6B85BEB9-AFAF-4EFE-9A87-1C709753A11C}"
	ProjectSection(SolutionItems) = preProject
		.gitignore = .gitignore
	EndProjectSection
EndProject
Project("{9A19103F-16F7-4668-BE54-9A1E7A4F7556}") = "Mmu.Mlh.ApplicationExtensions.IntegrationTests", "Sources\IntegrationTests\Mmu.Mlh.ApplicationExtensions.IntegrationTests.csproj", "{07828AF0-5633-45E4-AD91-E406C05B6F8B}"
EndProject
Project("{9A19103F-16F7-4668-BE54-9A1E7A4F7556}") = "Mmu.Mlh.ApplicationExtensions.TestConsole", "Sources\TestConsole\Mmu.Mlh.ApplicationExtensions.TestConsole.csproj", "{F71C0274-2172-4648-80CC-84230F8A0683}"
EndProject
Global
	GlobalSection(SolutionConfigurationPlatforms) = preSolution
		Debug|Any CPU = Debug|Any CPU
		Release|Any CPU = Release|Any CPU
	EndGlobalSection
	GlobalSection(ProjectConfigurationPlatforms) = postSolution
		{E909E1B3-2480-42B3-924F-98874F3B238F}.Debug|Any CPU.ActiveCfg = Debug|Any CPU
		{E909E1B3-2480-42B3-924F-98874F3B238F}.Debug|Any CPU.Build.0 = Debug|Any CPU
		{E909E1B3-2480-42B3-924F-98874F3B238F}.Release|Any CPU.ActiveCfg = Release|Any CPU
		{E909E1B3-2480-42B3-924F-98874F3B238F}.Release|Any CPU.Build.0 = Release|Any CPU
		{5D65DB7C-CF94-4D5F-977C-41EDA015D793}.Debug|Any CPU.ActiveCfg = Debug|Any CPU
		{5D65DB7C-CF94-4D5F-977C-41EDA015D793}.Debug|Any CPU.Build.0 = Debug|Any CPU
		{5D65DB7C-CF94-4D5F-977C-41EDA015D793}.Release|Any CPU.ActiveCfg = Release|Any CPU
		{5D65DB7C-CF94-4D5F-977C-41EDA015D793}.Release|Any CPU.Build.0 = Release|Any CPU
		{07828AF0-5633-45E4-AD91-E406C05B6F8B}.Debug|Any CPU.ActiveCfg = Debug|Any CPU
		{07828AF0-5633-45E4-AD91-E406C05B6F8B}.Debug|Any CPU.Build.0 = Debug|Any CPU
		{07828AF0-5633-45E4-AD91-E406C05B6F8B}.Release|Any CPU.ActiveCfg = Release|Any CPU
		{07828AF0-5633-45E4-AD91-E406C05B6F8B}.Release|Any CPU.Build.0 = Release|Any CPU
		{F71C0274-2172-4648-80CC-84230F8A0683}.Debug|Any CPU.ActiveCfg = Debug|Any CPU
		{F71C0274-2172-4648-80CC-84230F8A0683}.Debug|Any CPU.Build.0 = Debug|Any CPU
		{F71C0274-2172-4648-80CC-84230F8A0683}.Release|Any CPU.ActiveCfg = Release|Any CPU
		{F71C0274-2172-4648-80CC-84230F8A0683}.Release|Any CPU.Build.0 = Release|Any CPU
	EndGlobalSection
	GlobalSection(SolutionProperties) = preSolution
		HideSolutionNode = FALSE
	EndGlobalSection
	GlobalSection(ExtensibilityGlobals) = postSolution
		SolutionGuid = {59D81C6C-9D1B-4534-AC42-0050DA0B4A2C}
	EndGlobalSection
EndGlobal
